
Microsoft Visual Studio Solution File, Format Version 12.00
# Visual Studio 15
VisualStudioVersion = 15.0.28307.779
MinimumVisualStudioVersion = 10.0.40219.1
Project("{FAE04EC0-301F-11D3-BF4B-00C04F79EFBC}") = "DesignPatterns", "DesignPatterns\DesignPatterns.csproj", "{DFAE62B3-7F21-41F7-A4DC-A77C82819324}"
EndProject
Global
	GlobalSection(SolutionConfigurationPlatforms) = preSolution
		Debug|Any CPU = Debug|Any CPU
		Release|Any CPU = Release|Any CPU
	EndGlobalSection
	GlobalSection(ProjectConfigurationPlatforms) = postSolution
		{DFAE62B3-7F21-41F7-A4DC-A77C82819324}.Debug|Any CPU.ActiveCfg = Debug|Any CPU
		{DFAE62B3-7F21-41F7-A4DC-A77C82819324}.Debug|Any CPU.Build.0 = Debug|Any CPU
		{DFAE62B3-7F21-41F7-A4DC-A77C82819324}.Release|Any CPU.ActiveCfg = Release|Any CPU
		{DFAE62B3-7F21-41F7-A4DC-A77C82819324}.Release|Any CPU.Build.0 = Release|Any CPU
	EndGlobalSection
	GlobalSection(SolutionProperties) = preSolution
		HideSolutionNode = FALSE
	EndGlobalSection
	GlobalSection(ExtensibilityGlobals) = postSolution
		SolutionGuid = {2392DE10-1FE3-4D59-8490-5DB39D02BA45}
	EndGlobalSection
EndGlobal
